
Microsoft Visual Studio Solution File, Format Version 12.00
# Visual Studio Version 16
VisualStudioVersion = 16.0.30114.105
MinimumVisualStudioVersion = 10.0.40219.1
Project("{FAE04EC0-301F-11D3-BF4B-00C04F79EFBC}") = "StrangeChessboard", "StrangeChessboard\StrangeChessboard.csproj", "{9EA568E9-ECC2-4CF0-B47A-BADA7134FE19}"
EndProject
Project("{FAE04EC0-301F-11D3-BF4B-00C04F79EFBC}") = "StrangeChessboard.Tests", "StrangeChessboard.Tests\StrangeChessboard.Tests.csproj", "{EC7FE34D-974A-4B1A-89AC-5348975A3667}"
EndProject
Global
	GlobalSection(SolutionConfigurationPlatforms) = preSolution
		Debug|Any CPU = Debug|Any CPU
		Release|Any CPU = Release|Any CPU
	EndGlobalSection
	GlobalSection(SolutionProperties) = preSolution
		HideSolutionNode = FALSE
	EndGlobalSection
	GlobalSection(ProjectConfigurationPlatforms) = postSolution
		{9EA568E9-ECC2-4CF0-B47A-BADA7134FE19}.Debug|Any CPU.ActiveCfg = Debug|Any CPU
		{9EA568E9-ECC2-4CF0-B47A-BADA7134FE19}.Debug|Any CPU.Build.0 = Debug|Any CPU
		{9EA568E9-ECC2-4CF0-B47A-BADA7134FE19}.Release|Any CPU.ActiveCfg = Release|Any CPU
		{9EA568E9-ECC2-4CF0-B47A-BADA7134FE19}.Release|Any CPU.Build.0 = Release|Any CPU
		{EC7FE34D-974A-4B1A-89AC-5348975A3667}.Debug|Any CPU.ActiveCfg = Debug|Any CPU
		{EC7FE34D-974A-4B1A-89AC-5348975A3667}.Debug|Any CPU.Build.0 = Debug|Any CPU
		{EC7FE34D-974A-4B1A-89AC-5348975A3667}.Release|Any CPU.ActiveCfg = Release|Any CPU
		{EC7FE34D-974A-4B1A-89AC-5348975A3667}.Release|Any CPU.Build.0 = Release|Any CPU
	EndGlobalSection
EndGlobal
